// !$*UTF8*$!
{
	archiveVersion = 1;
	classes = {
	};
	objectVersion = 56;
	objects = {

/* Begin PBXBuildFile section */
		3E5775F02C72E10A002F5350 /* SplashViewController.swift in Sources */ = {isa = PBXBuildFile; fileRef = 3E5775E72C72E10A002F5350 /* SplashViewController.swift */; };
		3E5775F12C72E10A002F5350 /* SplashModel.swift in Sources */ = {isa = PBXBuildFile; fileRef = 3E5775E92C72E10A002F5350 /* SplashModel.swift */; };
		3E5775F22C72E10A002F5350 /* SplashView.swift in Sources */ = {isa = PBXBuildFile; fileRef = 3E5775EB2C72E10A002F5350 /* SplashView.swift */; };
		3E5775F32C72E10A002F5350 /* SplashViewModel.swift in Sources */ = {isa = PBXBuildFile; fileRef = 3E5775ED2C72E10A002F5350 /* SplashViewModel.swift */; };
		3E5775F62C72E19C002F5350 /* BaseViewModel.swift in Sources */ = {isa = PBXBuildFile; fileRef = 3E5775F52C72E19C002F5350 /* BaseViewModel.swift */; };
		3E5776142C730E61002F5350 /* ColorPaletteViewController.swift in Sources */ = {isa = PBXBuildFile; fileRef = 3E57760B2C730E61002F5350 /* ColorPaletteViewController.swift */; };
		3E5776152C730E61002F5350 /* ColorPaletteModel.swift in Sources */ = {isa = PBXBuildFile; fileRef = 3E57760D2C730E61002F5350 /* ColorPaletteModel.swift */; };
		3E5776162C730E61002F5350 /* ColorPaletteView.swift in Sources */ = {isa = PBXBuildFile; fileRef = 3E57760F2C730E61002F5350 /* ColorPaletteView.swift */; };
		3E5776172C730E61002F5350 /* ColorPaletteViewModel.swift in Sources */ = {isa = PBXBuildFile; fileRef = 3E5776112C730E61002F5350 /* ColorPaletteViewModel.swift */; };
		3E5776192C73105B002F5350 /* Localizable.xcstrings in Resources */ = {isa = PBXBuildFile; fileRef = 3E5776182C73105B002F5350 /* Localizable.xcstrings */; };
		3E57761D2C7310B1002F5350 /* LaunchScreen.storyboard in Resources */ = {isa = PBXBuildFile; fileRef = 3E57761C2C7310B1002F5350 /* LaunchScreen.storyboard */; };
		3E5776202C732034002F5350 /* BaseTableHeaderView.swift in Sources */ = {isa = PBXBuildFile; fileRef = 3E57761F2C732034002F5350 /* BaseTableHeaderView.swift */; };
		3E5776222C73260A002F5350 /* TypographyLabelCell.swift in Sources */ = {isa = PBXBuildFile; fileRef = 3E5776212C73260A002F5350 /* TypographyLabelCell.swift */; };
		3E5776242C732618002F5350 /* TypographyTextViewCell.swift in Sources */ = {isa = PBXBuildFile; fileRef = 3E5776232C732618002F5350 /* TypographyTextViewCell.swift */; };
		3E5776322C73429C002F5350 /* TypographyCaseViewController.swift in Sources */ = {isa = PBXBuildFile; fileRef = 3E5776292C73429C002F5350 /* TypographyCaseViewController.swift */; };
		3E5776332C73429C002F5350 /* TypographyCaseModel.swift in Sources */ = {isa = PBXBuildFile; fileRef = 3E57762B2C73429C002F5350 /* TypographyCaseModel.swift */; };
		3E5776342C73429C002F5350 /* TypographyCaseView.swift in Sources */ = {isa = PBXBuildFile; fileRef = 3E57762D2C73429C002F5350 /* TypographyCaseView.swift */; };
		3E5776352C73429C002F5350 /* TypographyCaseViewModel.swift in Sources */ = {isa = PBXBuildFile; fileRef = 3E57762F2C73429C002F5350 /* TypographyCaseViewModel.swift */; };
		3E5776412C7342DE002F5350 /* TypographyLineHeightViewController.swift in Sources */ = {isa = PBXBuildFile; fileRef = 3E5776382C7342DE002F5350 /* TypographyLineHeightViewController.swift */; };
		3E5776422C7342DE002F5350 /* TypographyLineHeightModel.swift in Sources */ = {isa = PBXBuildFile; fileRef = 3E57763A2C7342DE002F5350 /* TypographyLineHeightModel.swift */; };
		3E5776432C7342DE002F5350 /* TypographyLineHeightView.swift in Sources */ = {isa = PBXBuildFile; fileRef = 3E57763C2C7342DE002F5350 /* TypographyLineHeightView.swift */; };
		3E5776442C7342DE002F5350 /* TypographyLineHeightViewModel.swift in Sources */ = {isa = PBXBuildFile; fileRef = 3E57763E2C7342DE002F5350 /* TypographyLineHeightViewModel.swift */; };
		3E5776502C7343ED002F5350 /* ColorCaseViewController.swift in Sources */ = {isa = PBXBuildFile; fileRef = 3E5776472C7343ED002F5350 /* ColorCaseViewController.swift */; };
		3E5776512C7343ED002F5350 /* ColorCaseModel.swift in Sources */ = {isa = PBXBuildFile; fileRef = 3E5776492C7343ED002F5350 /* ColorCaseModel.swift */; };
		3E5776522C7343ED002F5350 /* ColorCaseView.swift in Sources */ = {isa = PBXBuildFile; fileRef = 3E57764B2C7343ED002F5350 /* ColorCaseView.swift */; };
		3E5776532C7343ED002F5350 /* ColorCaseViewModel.swift in Sources */ = {isa = PBXBuildFile; fileRef = 3E57764D2C7343ED002F5350 /* ColorCaseViewModel.swift */; };
		3E6707B72C7454B400F7FEC4 /* TypographyLineHeightInputView.swift in Sources */ = {isa = PBXBuildFile; fileRef = 3E6707B62C7454B400F7FEC4 /* TypographyLineHeightInputView.swift */; };
		3E6707B92C74581C00F7FEC4 /* BaseTextField.swift in Sources */ = {isa = PBXBuildFile; fileRef = 3E6707B82C74581C00F7FEC4 /* BaseTextField.swift */; };
		3EB101E62C6C3E5600E151F0 /* CommonFunctions.swift in Sources */ = {isa = PBXBuildFile; fileRef = 3EB101E52C6C3E5600E151F0 /* CommonFunctions.swift */; };
		3EB101E92C6C3F7B00E151F0 /* CommonUtils in Frameworks */ = {isa = PBXBuildFile; productRef = 3EB101E82C6C3F7B00E151F0 /* CommonUtils */; };
		3EB101F72C6C8ADD00E151F0 /* AnalyticsManager.swift in Sources */ = {isa = PBXBuildFile; fileRef = 3EB101F52C6C8ADD00E151F0 /* AnalyticsManager.swift */; };
		3EB101F82C6C8ADD00E151F0 /* CrashlyticsManager.swift in Sources */ = {isa = PBXBuildFile; fileRef = 3EB101F62C6C8ADD00E151F0 /* CrashlyticsManager.swift */; };
		3EB101FB2C6C8DB000E151F0 /* UIViewController+Extension.swift in Sources */ = {isa = PBXBuildFile; fileRef = 3EB101FA2C6C8DB000E151F0 /* UIViewController+Extension.swift */; };
		3EB101FF2C6C8FDC00E151F0 /* UINavigationBar+Extension.swift in Sources */ = {isa = PBXBuildFile; fileRef = 3EB101FC2C6C8FDC00E151F0 /* UINavigationBar+Extension.swift */; };
		3EB102002C6C8FDC00E151F0 /* UIApplication+Extension.swift in Sources */ = {isa = PBXBuildFile; fileRef = 3EB101FD2C6C8FDC00E151F0 /* UIApplication+Extension.swift */; };
		3EB102012C6C8FDC00E151F0 /* UITextView+Extension.swift in Sources */ = {isa = PBXBuildFile; fileRef = 3EB101FE2C6C8FDC00E151F0 /* UITextView+Extension.swift */; };
		3EB102052C6C9DB700E151F0 /* ComponentColor.swift in Sources */ = {isa = PBXBuildFile; fileRef = 3EB102042C6C9DB700E151F0 /* ComponentColor.swift */; };
		3EB102072C6C9DE700E151F0 /* Color.xcassets in Resources */ = {isa = PBXBuildFile; fileRef = 3EB102062C6C9DE700E151F0 /* Color.xcassets */; };
		3EB102092C6CA03A00E151F0 /* ComponentFont.swift in Sources */ = {isa = PBXBuildFile; fileRef = 3EB102082C6CA03A00E151F0 /* ComponentFont.swift */; };
		5BC5C2552999CFB400A9B338 /* AppDelegate.swift in Sources */ = {isa = PBXBuildFile; fileRef = 5BC5C2542999CFB400A9B338 /* AppDelegate.swift */; };
		5BC5C2572999CFB400A9B338 /* SceneDelegate.swift in Sources */ = {isa = PBXBuildFile; fileRef = 5BC5C2562999CFB400A9B338 /* SceneDelegate.swift */; };
		5BC5C25E2999CFB500A9B338 /* Assets.xcassets in Resources */ = {isa = PBXBuildFile; fileRef = 5BC5C25D2999CFB500A9B338 /* Assets.xcassets */; };
		5BC5C26C2999CFB500A9B338 /* iOSExampleTests.swift in Sources */ = {isa = PBXBuildFile; fileRef = 5BC5C26B2999CFB500A9B338 /* iOSExampleTests.swift */; };
		5BC5C2762999CFB500A9B338 /* iOSExampleUITests.swift in Sources */ = {isa = PBXBuildFile; fileRef = 5BC5C2752999CFB500A9B338 /* iOSExampleUITests.swift */; };
		5BC5C2782999CFB500A9B338 /* iOSExampleUITestsLaunchTests.swift in Sources */ = {isa = PBXBuildFile; fileRef = 5BC5C2772999CFB500A9B338 /* iOSExampleUITestsLaunchTests.swift */; };
		5BC772F9299B7E0900413D76 /* RemoteConfigDefaults.plist in Resources */ = {isa = PBXBuildFile; fileRef = 5BC772F8299B7E0900413D76 /* RemoteConfigDefaults.plist */; };
		5BE4E5FF299A3303000F3744 /* Then in Frameworks */ = {isa = PBXBuildFile; productRef = 5BE4E5FE299A3303000F3744 /* Then */; };
		5BE4E602299A342B000F3744 /* FirebaseAnalyticsSwift in Frameworks */ = {isa = PBXBuildFile; productRef = 5BE4E601299A342B000F3744 /* FirebaseAnalyticsSwift */; };
		5BE4E604299A342B000F3744 /* FirebaseAnalyticsWithoutAdIdSupport in Frameworks */ = {isa = PBXBuildFile; productRef = 5BE4E603299A342B000F3744 /* FirebaseAnalyticsWithoutAdIdSupport */; };
		5BE4E606299A342B000F3744 /* FirebaseCrashlytics in Frameworks */ = {isa = PBXBuildFile; productRef = 5BE4E605299A342B000F3744 /* FirebaseCrashlytics */; };
		5BE4E608299A342B000F3744 /* FirebaseDynamicLinks in Frameworks */ = {isa = PBXBuildFile; productRef = 5BE4E607299A342B000F3744 /* FirebaseDynamicLinks */; };
		5BE4E60A299A342B000F3744 /* FirebasePerformance in Frameworks */ = {isa = PBXBuildFile; productRef = 5BE4E609299A342B000F3744 /* FirebasePerformance */; };
		5BE4E60C299A342B000F3744 /* FirebaseRemoteConfigSwift in Frameworks */ = {isa = PBXBuildFile; productRef = 5BE4E60B299A342B000F3744 /* FirebaseRemoteConfigSwift */; };
		5BE4E636299A35FE000F3744 /* BaseTabBarController.swift in Sources */ = {isa = PBXBuildFile; fileRef = 5BE4E621299A35FE000F3744 /* BaseTabBarController.swift */; };
		5BE4E637299A35FE000F3744 /* BaseViewController.swift in Sources */ = {isa = PBXBuildFile; fileRef = 5BE4E622299A35FE000F3744 /* BaseViewController.swift */; };
		5BE4E638299A35FE000F3744 /* BaseNavigationController.swift in Sources */ = {isa = PBXBuildFile; fileRef = 5BE4E623299A35FE000F3744 /* BaseNavigationController.swift */; };
		5BE4E63B299A364D000F3744 /* GoogleService-Info-Dev.plist in Resources */ = {isa = PBXBuildFile; fileRef = 5BE4E639299A364D000F3744 /* GoogleService-Info-Dev.plist */; };
		5BE4E63C299A364D000F3744 /* GoogleService-Info.plist in Resources */ = {isa = PBXBuildFile; fileRef = 5BE4E63A299A364D000F3744 /* GoogleService-Info.plist */; };
		5BE955212A1362AC00020441 /* SnapKit in Frameworks */ = {isa = PBXBuildFile; productRef = 5BE955202A1362AC00020441 /* SnapKit */; };
/* End PBXBuildFile section */

/* Begin PBXContainerItemProxy section */
		5BC5C2682999CFB500A9B338 /* PBXContainerItemProxy */ = {
			isa = PBXContainerItemProxy;
			containerPortal = 5BC5C2492999CFB400A9B338 /* Project object */;
			proxyType = 1;
			remoteGlobalIDString = 5BC5C2502999CFB400A9B338;
			remoteInfo = iOSExample;
		};
		5BC5C2722999CFB500A9B338 /* PBXContainerItemProxy */ = {
			isa = PBXContainerItemProxy;
			containerPortal = 5BC5C2492999CFB400A9B338 /* Project object */;
			proxyType = 1;
			remoteGlobalIDString = 5BC5C2502999CFB400A9B338;
			remoteInfo = iOSExample;
		};
/* End PBXContainerItemProxy section */

/* Begin PBXFileReference section */
		3E5775E72C72E10A002F5350 /* SplashViewController.swift */ = {isa = PBXFileReference; fileEncoding = 4; lastKnownFileType = sourcecode.swift; path = SplashViewController.swift; sourceTree = "<group>"; };
		3E5775E92C72E10A002F5350 /* SplashModel.swift */ = {isa = PBXFileReference; fileEncoding = 4; lastKnownFileType = sourcecode.swift; path = SplashModel.swift; sourceTree = "<group>"; };
		3E5775EB2C72E10A002F5350 /* SplashView.swift */ = {isa = PBXFileReference; fileEncoding = 4; lastKnownFileType = sourcecode.swift; path = SplashView.swift; sourceTree = "<group>"; };
		3E5775ED2C72E10A002F5350 /* SplashViewModel.swift */ = {isa = PBXFileReference; fileEncoding = 4; lastKnownFileType = sourcecode.swift; path = SplashViewModel.swift; sourceTree = "<group>"; };
		3E5775F52C72E19C002F5350 /* BaseViewModel.swift */ = {isa = PBXFileReference; lastKnownFileType = sourcecode.swift; path = BaseViewModel.swift; sourceTree = "<group>"; };
		3E57760B2C730E61002F5350 /* ColorPaletteViewController.swift */ = {isa = PBXFileReference; fileEncoding = 4; lastKnownFileType = sourcecode.swift; path = ColorPaletteViewController.swift; sourceTree = "<group>"; };
		3E57760D2C730E61002F5350 /* ColorPaletteModel.swift */ = {isa = PBXFileReference; fileEncoding = 4; lastKnownFileType = sourcecode.swift; path = ColorPaletteModel.swift; sourceTree = "<group>"; };
		3E57760F2C730E61002F5350 /* ColorPaletteView.swift */ = {isa = PBXFileReference; fileEncoding = 4; lastKnownFileType = sourcecode.swift; path = ColorPaletteView.swift; sourceTree = "<group>"; };
		3E5776112C730E61002F5350 /* ColorPaletteViewModel.swift */ = {isa = PBXFileReference; fileEncoding = 4; lastKnownFileType = sourcecode.swift; path = ColorPaletteViewModel.swift; sourceTree = "<group>"; };
		3E5776182C73105B002F5350 /* Localizable.xcstrings */ = {isa = PBXFileReference; lastKnownFileType = text.json.xcstrings; path = Localizable.xcstrings; sourceTree = "<group>"; };
		3E57761C2C7310B1002F5350 /* LaunchScreen.storyboard */ = {isa = PBXFileReference; lastKnownFileType = file.storyboard; path = LaunchScreen.storyboard; sourceTree = "<group>"; };
		3E57761F2C732034002F5350 /* BaseTableHeaderView.swift */ = {isa = PBXFileReference; lastKnownFileType = sourcecode.swift; path = BaseTableHeaderView.swift; sourceTree = "<group>"; };
		3E5776212C73260A002F5350 /* TypographyLabelCell.swift */ = {isa = PBXFileReference; lastKnownFileType = sourcecode.swift; path = TypographyLabelCell.swift; sourceTree = "<group>"; };
		3E5776232C732618002F5350 /* TypographyTextViewCell.swift */ = {isa = PBXFileReference; lastKnownFileType = sourcecode.swift; path = TypographyTextViewCell.swift; sourceTree = "<group>"; };
		3E5776292C73429C002F5350 /* TypographyCaseViewController.swift */ = {isa = PBXFileReference; fileEncoding = 4; lastKnownFileType = sourcecode.swift; path = TypographyCaseViewController.swift; sourceTree = "<group>"; };
		3E57762B2C73429C002F5350 /* TypographyCaseModel.swift */ = {isa = PBXFileReference; fileEncoding = 4; lastKnownFileType = sourcecode.swift; path = TypographyCaseModel.swift; sourceTree = "<group>"; };
		3E57762D2C73429C002F5350 /* TypographyCaseView.swift */ = {isa = PBXFileReference; fileEncoding = 4; lastKnownFileType = sourcecode.swift; path = TypographyCaseView.swift; sourceTree = "<group>"; };
		3E57762F2C73429C002F5350 /* TypographyCaseViewModel.swift */ = {isa = PBXFileReference; fileEncoding = 4; lastKnownFileType = sourcecode.swift; path = TypographyCaseViewModel.swift; sourceTree = "<group>"; };
		3E5776382C7342DE002F5350 /* TypographyLineHeightViewController.swift */ = {isa = PBXFileReference; fileEncoding = 4; lastKnownFileType = sourcecode.swift; path = TypographyLineHeightViewController.swift; sourceTree = "<group>"; };
		3E57763A2C7342DE002F5350 /* TypographyLineHeightModel.swift */ = {isa = PBXFileReference; fileEncoding = 4; lastKnownFileType = sourcecode.swift; path = TypographyLineHeightModel.swift; sourceTree = "<group>"; };
		3E57763C2C7342DE002F5350 /* TypographyLineHeightView.swift */ = {isa = PBXFileReference; fileEncoding = 4; lastKnownFileType = sourcecode.swift; path = TypographyLineHeightView.swift; sourceTree = "<group>"; };
		3E57763E2C7342DE002F5350 /* TypographyLineHeightViewModel.swift */ = {isa = PBXFileReference; fileEncoding = 4; lastKnownFileType = sourcecode.swift; path = TypographyLineHeightViewModel.swift; sourceTree = "<group>"; };
		3E5776472C7343ED002F5350 /* ColorCaseViewController.swift */ = {isa = PBXFileReference; fileEncoding = 4; lastKnownFileType = sourcecode.swift; path = ColorCaseViewController.swift; sourceTree = "<group>"; };
		3E5776492C7343ED002F5350 /* ColorCaseModel.swift */ = {isa = PBXFileReference; fileEncoding = 4; lastKnownFileType = sourcecode.swift; path = ColorCaseModel.swift; sourceTree = "<group>"; };
		3E57764B2C7343ED002F5350 /* ColorCaseView.swift */ = {isa = PBXFileReference; fileEncoding = 4; lastKnownFileType = sourcecode.swift; path = ColorCaseView.swift; sourceTree = "<group>"; };
		3E57764D2C7343ED002F5350 /* ColorCaseViewModel.swift */ = {isa = PBXFileReference; fileEncoding = 4; lastKnownFileType = sourcecode.swift; path = ColorCaseViewModel.swift; sourceTree = "<group>"; };
		3E6707B62C7454B400F7FEC4 /* TypographyLineHeightInputView.swift */ = {isa = PBXFileReference; lastKnownFileType = sourcecode.swift; path = TypographyLineHeightInputView.swift; sourceTree = "<group>"; };
		3E6707B82C74581C00F7FEC4 /* BaseTextField.swift */ = {isa = PBXFileReference; lastKnownFileType = sourcecode.swift; path = BaseTextField.swift; sourceTree = "<group>"; };
		3EB101E52C6C3E5600E151F0 /* CommonFunctions.swift */ = {isa = PBXFileReference; lastKnownFileType = sourcecode.swift; path = CommonFunctions.swift; sourceTree = "<group>"; };
		3EB101F52C6C8ADD00E151F0 /* AnalyticsManager.swift */ = {isa = PBXFileReference; fileEncoding = 4; lastKnownFileType = sourcecode.swift; path = AnalyticsManager.swift; sourceTree = "<group>"; };
		3EB101F62C6C8ADD00E151F0 /* CrashlyticsManager.swift */ = {isa = PBXFileReference; fileEncoding = 4; lastKnownFileType = sourcecode.swift; path = CrashlyticsManager.swift; sourceTree = "<group>"; };
		3EB101FA2C6C8DB000E151F0 /* UIViewController+Extension.swift */ = {isa = PBXFileReference; lastKnownFileType = sourcecode.swift; path = "UIViewController+Extension.swift"; sourceTree = "<group>"; };
		3EB101FC2C6C8FDC00E151F0 /* UINavigationBar+Extension.swift */ = {isa = PBXFileReference; fileEncoding = 4; lastKnownFileType = sourcecode.swift; path = "UINavigationBar+Extension.swift"; sourceTree = "<group>"; };
		3EB101FD2C6C8FDC00E151F0 /* UIApplication+Extension.swift */ = {isa = PBXFileReference; fileEncoding = 4; lastKnownFileType = sourcecode.swift; path = "UIApplication+Extension.swift"; sourceTree = "<group>"; };
		3EB101FE2C6C8FDC00E151F0 /* UITextView+Extension.swift */ = {isa = PBXFileReference; fileEncoding = 4; lastKnownFileType = sourcecode.swift; path = "UITextView+Extension.swift"; sourceTree = "<group>"; };
		3EB102042C6C9DB700E151F0 /* ComponentColor.swift */ = {isa = PBXFileReference; lastKnownFileType = sourcecode.swift; path = ComponentColor.swift; sourceTree = "<group>"; };
		3EB102062C6C9DE700E151F0 /* Color.xcassets */ = {isa = PBXFileReference; lastKnownFileType = folder.assetcatalog; path = Color.xcassets; sourceTree = "<group>"; };
		3EB102082C6CA03A00E151F0 /* ComponentFont.swift */ = {isa = PBXFileReference; lastKnownFileType = sourcecode.swift; path = ComponentFont.swift; sourceTree = "<group>"; };
		5BC5C2512999CFB400A9B338 /* iOSExample.app */ = {isa = PBXFileReference; explicitFileType = wrapper.application; includeInIndex = 0; path = iOSExample.app; sourceTree = BUILT_PRODUCTS_DIR; };
		5BC5C2542999CFB400A9B338 /* AppDelegate.swift */ = {isa = PBXFileReference; lastKnownFileType = sourcecode.swift; path = AppDelegate.swift; sourceTree = "<group>"; };
		5BC5C2562999CFB400A9B338 /* SceneDelegate.swift */ = {isa = PBXFileReference; lastKnownFileType = sourcecode.swift; path = SceneDelegate.swift; sourceTree = "<group>"; };
		5BC5C25D2999CFB500A9B338 /* Assets.xcassets */ = {isa = PBXFileReference; lastKnownFileType = folder.assetcatalog; path = Assets.xcassets; sourceTree = "<group>"; };
		5BC5C2622999CFB500A9B338 /* Info.plist */ = {isa = PBXFileReference; lastKnownFileType = text.plist.xml; path = Info.plist; sourceTree = "<group>"; };
		5BC5C2672999CFB500A9B338 /* iOSExampleTests.xctest */ = {isa = PBXFileReference; explicitFileType = wrapper.cfbundle; includeInIndex = 0; path = iOSExampleTests.xctest; sourceTree = BUILT_PRODUCTS_DIR; };
		5BC5C26B2999CFB500A9B338 /* iOSExampleTests.swift */ = {isa = PBXFileReference; lastKnownFileType = sourcecode.swift; path = iOSExampleTests.swift; sourceTree = "<group>"; };
		5BC5C2712999CFB500A9B338 /* iOSExampleUITests.xctest */ = {isa = PBXFileReference; explicitFileType = wrapper.cfbundle; includeInIndex = 0; path = iOSExampleUITests.xctest; sourceTree = BUILT_PRODUCTS_DIR; };
		5BC5C2752999CFB500A9B338 /* iOSExampleUITests.swift */ = {isa = PBXFileReference; lastKnownFileType = sourcecode.swift; path = iOSExampleUITests.swift; sourceTree = "<group>"; };
		5BC5C2772999CFB500A9B338 /* iOSExampleUITestsLaunchTests.swift */ = {isa = PBXFileReference; lastKnownFileType = sourcecode.swift; path = iOSExampleUITestsLaunchTests.swift; sourceTree = "<group>"; };
		5BC772F8299B7E0900413D76 /* RemoteConfigDefaults.plist */ = {isa = PBXFileReference; lastKnownFileType = text.plist.xml; path = RemoteConfigDefaults.plist; sourceTree = "<group>"; };
		5BE4E621299A35FE000F3744 /* BaseTabBarController.swift */ = {isa = PBXFileReference; fileEncoding = 4; lastKnownFileType = sourcecode.swift; path = BaseTabBarController.swift; sourceTree = "<group>"; };
		5BE4E622299A35FE000F3744 /* BaseViewController.swift */ = {isa = PBXFileReference; fileEncoding = 4; lastKnownFileType = sourcecode.swift; path = BaseViewController.swift; sourceTree = "<group>"; };
		5BE4E623299A35FE000F3744 /* BaseNavigationController.swift */ = {isa = PBXFileReference; fileEncoding = 4; lastKnownFileType = sourcecode.swift; path = BaseNavigationController.swift; sourceTree = "<group>"; };
		5BE4E639299A364D000F3744 /* GoogleService-Info-Dev.plist */ = {isa = PBXFileReference; fileEncoding = 4; lastKnownFileType = text.plist.xml; path = "GoogleService-Info-Dev.plist"; sourceTree = "<group>"; };
		5BE4E63A299A364D000F3744 /* GoogleService-Info.plist */ = {isa = PBXFileReference; fileEncoding = 4; lastKnownFileType = text.plist.xml; path = "GoogleService-Info.plist"; sourceTree = "<group>"; };
		5BF7B2242999D31600A36329 /* Develop.xcconfig */ = {isa = PBXFileReference; lastKnownFileType = text.xcconfig; path = Develop.xcconfig; sourceTree = "<group>"; };
		5BF7B2252999D33000A36329 /* Release.xcconfig */ = {isa = PBXFileReference; lastKnownFileType = text.xcconfig; path = Release.xcconfig; sourceTree = "<group>"; };
/* End PBXFileReference section */

/* Begin PBXFrameworksBuildPhase section */
		5BC5C24E2999CFB400A9B338 /* Frameworks */ = {
			isa = PBXFrameworksBuildPhase;
			buildActionMask = 2147483647;
			files = (
				5BE4E602299A342B000F3744 /* FirebaseAnalyticsSwift in Frameworks */,
				5BE955212A1362AC00020441 /* SnapKit in Frameworks */,
				5BE4E604299A342B000F3744 /* FirebaseAnalyticsWithoutAdIdSupport in Frameworks */,
				5BE4E60C299A342B000F3744 /* FirebaseRemoteConfigSwift in Frameworks */,
				5BE4E606299A342B000F3744 /* FirebaseCrashlytics in Frameworks */,
				5BE4E5FF299A3303000F3744 /* Then in Frameworks */,
				3EB101E92C6C3F7B00E151F0 /* CommonUtils in Frameworks */,
				5BE4E608299A342B000F3744 /* FirebaseDynamicLinks in Frameworks */,
				5BE4E60A299A342B000F3744 /* FirebasePerformance in Frameworks */,
			);
			runOnlyForDeploymentPostprocessing = 0;
		};
		5BC5C2642999CFB500A9B338 /* Frameworks */ = {
			isa = PBXFrameworksBuildPhase;
			buildActionMask = 2147483647;
			files = (
			);
			runOnlyForDeploymentPostprocessing = 0;
		};
		5BC5C26E2999CFB500A9B338 /* Frameworks */ = {
			isa = PBXFrameworksBuildPhase;
			buildActionMask = 2147483647;
			files = (
			);
			runOnlyForDeploymentPostprocessing = 0;
		};
/* End PBXFrameworksBuildPhase section */

/* Begin PBXGroup section */
		3E5775E82C72E10A002F5350 /* Controller */ = {
			isa = PBXGroup;
			children = (
				3E5775E72C72E10A002F5350 /* SplashViewController.swift */,
			);
			path = Controller;
			sourceTree = "<group>";
		};
		3E5775EA2C72E10A002F5350 /* Model */ = {
			isa = PBXGroup;
			children = (
				3E5775E92C72E10A002F5350 /* SplashModel.swift */,
			);
			path = Model;
			sourceTree = "<group>";
		};
		3E5775EC2C72E10A002F5350 /* View */ = {
			isa = PBXGroup;
			children = (
				3E5775EB2C72E10A002F5350 /* SplashView.swift */,
			);
			path = View;
			sourceTree = "<group>";
		};
		3E5775EE2C72E10A002F5350 /* ViewModel */ = {
			isa = PBXGroup;
			children = (
				3E5775ED2C72E10A002F5350 /* SplashViewModel.swift */,
			);
			path = ViewModel;
			sourceTree = "<group>";
		};
		3E5775EF2C72E10A002F5350 /* Splash */ = {
			isa = PBXGroup;
			children = (
				3E5775EE2C72E10A002F5350 /* ViewModel */,
				3E5775E82C72E10A002F5350 /* Controller */,
				3E5775EA2C72E10A002F5350 /* Model */,
				3E5775EC2C72E10A002F5350 /* View */,
			);
			path = Splash;
			sourceTree = "<group>";
		};
		3E5775F42C72E185002F5350 /* BaseViewModel */ = {
			isa = PBXGroup;
			children = (
				3E5775F52C72E19C002F5350 /* BaseViewModel.swift */,
			);
			path = BaseViewModel;
			sourceTree = "<group>";
		};
		3E5776042C730CC6002F5350 /* TypographyTest */ = {
			isa = PBXGroup;
			children = (
				3E5776402C7342DE002F5350 /* TypographyLineHeight */,
				3E5776312C73429C002F5350 /* TypographyCase */,
			);
			path = TypographyTest;
			sourceTree = "<group>";
		};
		3E57760C2C730E61002F5350 /* Controller */ = {
			isa = PBXGroup;
			children = (
				3E57760B2C730E61002F5350 /* ColorPaletteViewController.swift */,
			);
			path = Controller;
			sourceTree = "<group>";
		};
		3E57760E2C730E61002F5350 /* Model */ = {
			isa = PBXGroup;
			children = (
				3E57760D2C730E61002F5350 /* ColorPaletteModel.swift */,
			);
			path = Model;
			sourceTree = "<group>";
		};
		3E5776102C730E61002F5350 /* View */ = {
			isa = PBXGroup;
			children = (
				3E57760F2C730E61002F5350 /* ColorPaletteView.swift */,
			);
			path = View;
			sourceTree = "<group>";
		};
		3E5776122C730E61002F5350 /* ViewModel */ = {
			isa = PBXGroup;
			children = (
				3E5776112C730E61002F5350 /* ColorPaletteViewModel.swift */,
			);
			path = ViewModel;
			sourceTree = "<group>";
		};
		3E5776132C730E61002F5350 /* ColorPalette */ = {
			isa = PBXGroup;
			children = (
				3E5776122C730E61002F5350 /* ViewModel */,
				3E57760C2C730E61002F5350 /* Controller */,
				3E57760E2C730E61002F5350 /* Model */,
				3E5776102C730E61002F5350 /* View */,
			);
			path = ColorPalette;
			sourceTree = "<group>";
		};
		3E57761E2C7318DE002F5350 /* BaseViews */ = {
			isa = PBXGroup;
			children = (
				3E57761F2C732034002F5350 /* BaseTableHeaderView.swift */,
				3E6707B82C74581C00F7FEC4 /* BaseTextField.swift */,
			);
			path = BaseViews;
			sourceTree = "<group>";
		};
		3E5776282C734280002F5350 /* ColorTest */ = {
			isa = PBXGroup;
			children = (
				3E57764F2C7343ED002F5350 /* ColorCase */,
				3E5776132C730E61002F5350 /* ColorPalette */,
			);
			path = ColorTest;
			sourceTree = "<group>";
		};
		3E57762A2C73429C002F5350 /* Controller */ = {
			isa = PBXGroup;
			children = (
				3E5776292C73429C002F5350 /* TypographyCaseViewController.swift */,
			);
			path = Controller;
			sourceTree = "<group>";
		};
		3E57762C2C73429C002F5350 /* Model */ = {
			isa = PBXGroup;
			children = (
				3E57762B2C73429C002F5350 /* TypographyCaseModel.swift */,
			);
			path = Model;
			sourceTree = "<group>";
		};
		3E57762E2C73429C002F5350 /* View */ = {
			isa = PBXGroup;
			children = (
				3E57762D2C73429C002F5350 /* TypographyCaseView.swift */,
			);
			path = View;
			sourceTree = "<group>";
		};
		3E5776302C73429C002F5350 /* ViewModel */ = {
			isa = PBXGroup;
			children = (
				3E57762F2C73429C002F5350 /* TypographyCaseViewModel.swift */,
			);
			path = ViewModel;
			sourceTree = "<group>";
		};
		3E5776312C73429C002F5350 /* TypographyCase */ = {
			isa = PBXGroup;
			children = (
				3E5776302C73429C002F5350 /* ViewModel */,
				3E57762A2C73429C002F5350 /* Controller */,
				3E57762C2C73429C002F5350 /* Model */,
				3E57762E2C73429C002F5350 /* View */,
			);
			path = TypographyCase;
			sourceTree = "<group>";
		};
		3E5776392C7342DE002F5350 /* Controller */ = {
			isa = PBXGroup;
			children = (
				3E5776382C7342DE002F5350 /* TypographyLineHeightViewController.swift */,
			);
			path = Controller;
			sourceTree = "<group>";
		};
		3E57763B2C7342DE002F5350 /* Model */ = {
			isa = PBXGroup;
			children = (
				3E57763A2C7342DE002F5350 /* TypographyLineHeightModel.swift */,
			);
			path = Model;
			sourceTree = "<group>";
		};
		3E57763D2C7342DE002F5350 /* View */ = {
			isa = PBXGroup;
			children = (
				3E57763C2C7342DE002F5350 /* TypographyLineHeightView.swift */,
				3E5776212C73260A002F5350 /* TypographyLabelCell.swift */,
				3E5776232C732618002F5350 /* TypographyTextViewCell.swift */,
				3E6707B62C7454B400F7FEC4 /* TypographyLineHeightInputView.swift */,
			);
			path = View;
			sourceTree = "<group>";
		};
		3E57763F2C7342DE002F5350 /* ViewModel */ = {
			isa = PBXGroup;
			children = (
				3E57763E2C7342DE002F5350 /* TypographyLineHeightViewModel.swift */,
			);
			path = ViewModel;
			sourceTree = "<group>";
		};
		3E5776402C7342DE002F5350 /* TypographyLineHeight */ = {
			isa = PBXGroup;
			children = (
				3E57763F2C7342DE002F5350 /* ViewModel */,
				3E5776392C7342DE002F5350 /* Controller */,
				3E57763B2C7342DE002F5350 /* Model */,
				3E57763D2C7342DE002F5350 /* View */,
			);
			path = TypographyLineHeight;
			sourceTree = "<group>";
		};
		3E5776482C7343ED002F5350 /* Controller */ = {
			isa = PBXGroup;
			children = (
				3E5776472C7343ED002F5350 /* ColorCaseViewController.swift */,
			);
			path = Controller;
			sourceTree = "<group>";
		};
		3E57764A2C7343ED002F5350 /* Model */ = {
			isa = PBXGroup;
			children = (
				3E5776492C7343ED002F5350 /* ColorCaseModel.swift */,
			);
			path = Model;
			sourceTree = "<group>";
		};
		3E57764C2C7343ED002F5350 /* View */ = {
			isa = PBXGroup;
			children = (
				3E57764B2C7343ED002F5350 /* ColorCaseView.swift */,
			);
			path = View;
			sourceTree = "<group>";
		};
		3E57764E2C7343ED002F5350 /* ViewModel */ = {
			isa = PBXGroup;
			children = (
				3E57764D2C7343ED002F5350 /* ColorCaseViewModel.swift */,
			);
			path = ViewModel;
			sourceTree = "<group>";
		};
		3E57764F2C7343ED002F5350 /* ColorCase */ = {
			isa = PBXGroup;
			children = (
				3E57764E2C7343ED002F5350 /* ViewModel */,
				3E5776482C7343ED002F5350 /* Controller */,
				3E57764A2C7343ED002F5350 /* Model */,
				3E57764C2C7343ED002F5350 /* View */,
			);
			path = ColorCase;
			sourceTree = "<group>";
		};
		3EB101F42C6C8AAF00E151F0 /* Functions */ = {
			isa = PBXGroup;
			children = (
				3EB101F52C6C8ADD00E151F0 /* AnalyticsManager.swift */,
				3EB101F62C6C8ADD00E151F0 /* CrashlyticsManager.swift */,
				3EB101E52C6C3E5600E151F0 /* CommonFunctions.swift */,
			);
			path = Functions;
			sourceTree = "<group>";
		};
		3EB101F92C6C8D0100E151F0 /* Extensions */ = {
			isa = PBXGroup;
			children = (
				3EB101FD2C6C8FDC00E151F0 /* UIApplication+Extension.swift */,
				3EB101FC2C6C8FDC00E151F0 /* UINavigationBar+Extension.swift */,
				3EB101FE2C6C8FDC00E151F0 /* UITextView+Extension.swift */,
				3EB101FA2C6C8DB000E151F0 /* UIViewController+Extension.swift */,
			);
			path = Extensions;
			sourceTree = "<group>";
		};
		3EB102022C6C9D9900E151F0 /* Font */ = {
			isa = PBXGroup;
			children = (
				3EB102082C6CA03A00E151F0 /* ComponentFont.swift */,
			);
			path = Font;
			sourceTree = "<group>";
		};
		3EB102032C6C9D9E00E151F0 /* Color */ = {
			isa = PBXGroup;
			children = (
				3EB102042C6C9DB700E151F0 /* ComponentColor.swift */,
				3EB102062C6C9DE700E151F0 /* Color.xcassets */,
			);
			path = Color;
			sourceTree = "<group>";
		};
		5BC5C2482999CFB400A9B338 = {
			isa = PBXGroup;
			children = (
				5BC5C2532999CFB400A9B338 /* iOSExample */,
				5BC5C26A2999CFB500A9B338 /* iOSExampleTests */,
				5BC5C2742999CFB500A9B338 /* iOSExampleUITests */,
				5BC5C2522999CFB400A9B338 /* Products */,
			);
			sourceTree = "<group>";
		};
		5BC5C2522999CFB400A9B338 /* Products */ = {
			isa = PBXGroup;
			children = (
				5BC5C2512999CFB400A9B338 /* iOSExample.app */,
				5BC5C2672999CFB500A9B338 /* iOSExampleTests.xctest */,
				5BC5C2712999CFB500A9B338 /* iOSExampleUITests.xctest */,
			);
			name = Products;
			sourceTree = "<group>";
		};
		5BC5C2532999CFB400A9B338 /* iOSExample */ = {
			isa = PBXGroup;
			children = (
				5BF7B2192999D1E500A36329 /* Views */,
				5BE4E60D299A35FE000F3744 /* Common */,
				5BF7B21B2999D20C00A36329 /* Resources */,
				5BF7B2172999D18600A36329 /* Configurations */,
				5BC5C2542999CFB400A9B338 /* AppDelegate.swift */,
				5BC5C2562999CFB400A9B338 /* SceneDelegate.swift */,
			);
			path = iOSExample;
			sourceTree = "<group>";
		};
		5BC5C26A2999CFB500A9B338 /* iOSExampleTests */ = {
			isa = PBXGroup;
			children = (
				5BC5C26B2999CFB500A9B338 /* iOSExampleTests.swift */,
			);
			path = iOSExampleTests;
			sourceTree = "<group>";
		};
		5BC5C2742999CFB500A9B338 /* iOSExampleUITests */ = {
			isa = PBXGroup;
			children = (
				5BC5C2752999CFB500A9B338 /* iOSExampleUITests.swift */,
				5BC5C2772999CFB500A9B338 /* iOSExampleUITestsLaunchTests.swift */,
			);
			path = iOSExampleUITests;
			sourceTree = "<group>";
		};
		5BE4E60D299A35FE000F3744 /* Common */ = {
			isa = PBXGroup;
			children = (
				3E57761E2C7318DE002F5350 /* BaseViews */,
				3E5775F42C72E185002F5350 /* BaseViewModel */,
				5BE4E620299A35FE000F3744 /* BaseControllers */,
				3EB101F92C6C8D0100E151F0 /* Extensions */,
				3EB101F42C6C8AAF00E151F0 /* Functions */,
			);
			path = Common;
			sourceTree = "<group>";
		};
		5BE4E620299A35FE000F3744 /* BaseControllers */ = {
			isa = PBXGroup;
			children = (
				5BE4E623299A35FE000F3744 /* BaseNavigationController.swift */,
				5BE4E621299A35FE000F3744 /* BaseTabBarController.swift */,
				5BE4E622299A35FE000F3744 /* BaseViewController.swift */,
			);
			path = BaseControllers;
			sourceTree = "<group>";
		};
		5BF7B2172999D18600A36329 /* Configurations */ = {
			isa = PBXGroup;
			children = (
				5BF7B2232999D2E000A36329 /* GoogleServicesFiles */,
				5BF7B2222999D2CD00A36329 /* xcconfig */,
			);
			path = Configurations;
			sourceTree = "<group>";
		};
		5BF7B2192999D1E500A36329 /* Views */ = {
			isa = PBXGroup;
			children = (
				3E5776282C734280002F5350 /* ColorTest */,
				3E5776042C730CC6002F5350 /* TypographyTest */,
				3E5775EF2C72E10A002F5350 /* Splash */,
			);
			path = Views;
			sourceTree = "<group>";
		};
		5BF7B21B2999D20C00A36329 /* Resources */ = {
			isa = PBXGroup;
			children = (
				3EB102032C6C9D9E00E151F0 /* Color */,
				3EB102022C6C9D9900E151F0 /* Font */,
				3E57761C2C7310B1002F5350 /* LaunchScreen.storyboard */,
				5BC5C2622999CFB500A9B338 /* Info.plist */,
				5BC5C25D2999CFB500A9B338 /* Assets.xcassets */,
				3E5776182C73105B002F5350 /* Localizable.xcstrings */,
			);
			path = Resources;
			sourceTree = "<group>";
		};
		5BF7B2222999D2CD00A36329 /* xcconfig */ = {
			isa = PBXGroup;
			children = (
				5BF7B2242999D31600A36329 /* Develop.xcconfig */,
				5BF7B2252999D33000A36329 /* Release.xcconfig */,
			);
			path = xcconfig;
			sourceTree = "<group>";
		};
		5BF7B2232999D2E000A36329 /* GoogleServicesFiles */ = {
			isa = PBXGroup;
			children = (
				5BE4E639299A364D000F3744 /* GoogleService-Info-Dev.plist */,
				5BE4E63A299A364D000F3744 /* GoogleService-Info.plist */,
				5BC772F8299B7E0900413D76 /* RemoteConfigDefaults.plist */,
			);
			path = GoogleServicesFiles;
			sourceTree = "<group>";
		};
/* End PBXGroup section */

/* Begin PBXNativeTarget section */
		5BC5C2502999CFB400A9B338 /* iOSExample */ = {
			isa = PBXNativeTarget;
			buildConfigurationList = 5BC5C27B2999CFB500A9B338 /* Build configuration list for PBXNativeTarget "iOSExample" */;
			buildPhases = (
				5BC5C24D2999CFB400A9B338 /* Sources */,
				5BC5C24E2999CFB400A9B338 /* Frameworks */,
				5BC5C24F2999CFB400A9B338 /* Resources */,
			);
			buildRules = (
			);
			dependencies = (
			);
			name = iOSExample;
			packageProductDependencies = (
				5BE4E5FE299A3303000F3744 /* Then */,
				5BE4E601299A342B000F3744 /* FirebaseAnalyticsSwift */,
				5BE4E603299A342B000F3744 /* FirebaseAnalyticsWithoutAdIdSupport */,
				5BE4E605299A342B000F3744 /* FirebaseCrashlytics */,
				5BE4E607299A342B000F3744 /* FirebaseDynamicLinks */,
				5BE4E609299A342B000F3744 /* FirebasePerformance */,
				5BE4E60B299A342B000F3744 /* FirebaseRemoteConfigSwift */,
				5BE955202A1362AC00020441 /* SnapKit */,
				3EB101E82C6C3F7B00E151F0 /* CommonUtils */,
			);
			productName = iOSExample;
			productReference = 5BC5C2512999CFB400A9B338 /* iOSExample.app */;
			productType = "com.apple.product-type.application";
		};
		5BC5C2662999CFB500A9B338 /* iOSExampleTests */ = {
			isa = PBXNativeTarget;
			buildConfigurationList = 5BC5C27E2999CFB500A9B338 /* Build configuration list for PBXNativeTarget "iOSExampleTests" */;
			buildPhases = (
				5BC5C2632999CFB500A9B338 /* Sources */,
				5BC5C2642999CFB500A9B338 /* Frameworks */,
				5BC5C2652999CFB500A9B338 /* Resources */,
			);
			buildRules = (
			);
			dependencies = (
				5BC5C2692999CFB500A9B338 /* PBXTargetDependency */,
			);
			name = iOSExampleTests;
			productName = iOSExampleTests;
			productReference = 5BC5C2672999CFB500A9B338 /* iOSExampleTests.xctest */;
			productType = "com.apple.product-type.bundle.unit-test";
		};
		5BC5C2702999CFB500A9B338 /* iOSExampleUITests */ = {
			isa = PBXNativeTarget;
			buildConfigurationList = 5BC5C2812999CFB500A9B338 /* Build configuration list for PBXNativeTarget "iOSExampleUITests" */;
			buildPhases = (
				5BC5C26D2999CFB500A9B338 /* Sources */,
				5BC5C26E2999CFB500A9B338 /* Frameworks */,
				5BC5C26F2999CFB500A9B338 /* Resources */,
			);
			buildRules = (
			);
			dependencies = (
				5BC5C2732999CFB500A9B338 /* PBXTargetDependency */,
			);
			name = iOSExampleUITests;
			productName = iOSExampleUITests;
			productReference = 5BC5C2712999CFB500A9B338 /* iOSExampleUITests.xctest */;
			productType = "com.apple.product-type.bundle.ui-testing";
		};
/* End PBXNativeTarget section */

/* Begin PBXProject section */
		5BC5C2492999CFB400A9B338 /* Project object */ = {
			isa = PBXProject;
			attributes = {
				BuildIndependentTargetsInParallel = 1;
				LastSwiftUpdateCheck = 1420;
				LastUpgradeCheck = 1420;
				TargetAttributes = {
					5BC5C2502999CFB400A9B338 = {
						CreatedOnToolsVersion = 14.2;
					};
					5BC5C2662999CFB500A9B338 = {
						CreatedOnToolsVersion = 14.2;
						TestTargetID = 5BC5C2502999CFB400A9B338;
					};
					5BC5C2702999CFB500A9B338 = {
						CreatedOnToolsVersion = 14.2;
						TestTargetID = 5BC5C2502999CFB400A9B338;
					};
				};
			};
			buildConfigurationList = 5BC5C24C2999CFB400A9B338 /* Build configuration list for PBXProject "iOSExample" */;
			compatibilityVersion = "Xcode 14.0";
			developmentRegion = ko;
			hasScannedForEncodings = 0;
			knownRegions = (
				en,
				ko,
				Base,
			);
			mainGroup = 5BC5C2482999CFB400A9B338;
			packageReferences = (
				5BE4E5FD299A3303000F3744 /* XCRemoteSwiftPackageReference "Then" */,
				5BE4E600299A342B000F3744 /* XCRemoteSwiftPackageReference "firebase-ios-sdk" */,
				5BE9551F2A1362AC00020441 /* XCRemoteSwiftPackageReference "SnapKit" */,
				3EB101E72C6C3F7B00E151F0 /* XCRemoteSwiftPackageReference "CommonUtils" */,
			);
			productRefGroup = 5BC5C2522999CFB400A9B338 /* Products */;
			projectDirPath = "";
			projectRoot = "";
			targets = (
				5BC5C2502999CFB400A9B338 /* iOSExample */,
				5BC5C2662999CFB500A9B338 /* iOSExampleTests */,
				5BC5C2702999CFB500A9B338 /* iOSExampleUITests */,
			);
		};
/* End PBXProject section */

/* Begin PBXResourcesBuildPhase section */
		5BC5C24F2999CFB400A9B338 /* Resources */ = {
			isa = PBXResourcesBuildPhase;
			buildActionMask = 2147483647;
			files = (
				5BE4E63B299A364D000F3744 /* GoogleService-Info-Dev.plist in Resources */,
				5BC5C25E2999CFB500A9B338 /* Assets.xcassets in Resources */,
				3EB102072C6C9DE700E151F0 /* Color.xcassets in Resources */,
				3E57761D2C7310B1002F5350 /* LaunchScreen.storyboard in Resources */,
				5BE4E63C299A364D000F3744 /* GoogleService-Info.plist in Resources */,
				3E5776192C73105B002F5350 /* Localizable.xcstrings in Resources */,
				5BC772F9299B7E0900413D76 /* RemoteConfigDefaults.plist in Resources */,
			);
			runOnlyForDeploymentPostprocessing = 0;
		};
		5BC5C2652999CFB500A9B338 /* Resources */ = {
			isa = PBXResourcesBuildPhase;
			buildActionMask = 2147483647;
			files = (
			);
			runOnlyForDeploymentPostprocessing = 0;
		};
		5BC5C26F2999CFB500A9B338 /* Resources */ = {
			isa = PBXResourcesBuildPhase;
			buildActionMask = 2147483647;
			files = (
			);
			runOnlyForDeploymentPostprocessing = 0;
		};
/* End PBXResourcesBuildPhase section */

/* Begin PBXSourcesBuildPhase section */
		5BC5C24D2999CFB400A9B338 /* Sources */ = {
			isa = PBXSourcesBuildPhase;
			buildActionMask = 2147483647;
			files = (
				5BE4E638299A35FE000F3744 /* BaseNavigationController.swift in Sources */,
				3E5776502C7343ED002F5350 /* ColorCaseViewController.swift in Sources */,
				3E6707B92C74581C00F7FEC4 /* BaseTextField.swift in Sources */,
				3EB101FB2C6C8DB000E151F0 /* UIViewController+Extension.swift in Sources */,
				3EB102092C6CA03A00E151F0 /* ComponentFont.swift in Sources */,
				3EB101F82C6C8ADD00E151F0 /* CrashlyticsManager.swift in Sources */,
				3EB101FF2C6C8FDC00E151F0 /* UINavigationBar+Extension.swift in Sources */,
				3E5776342C73429C002F5350 /* TypographyCaseView.swift in Sources */,
				3E5776512C7343ED002F5350 /* ColorCaseModel.swift in Sources */,
				3E5776322C73429C002F5350 /* TypographyCaseViewController.swift in Sources */,
				3E5776412C7342DE002F5350 /* TypographyLineHeightViewController.swift in Sources */,
				5BE4E636299A35FE000F3744 /* BaseTabBarController.swift in Sources */,
				5BC5C2552999CFB400A9B338 /* AppDelegate.swift in Sources */,
				3E5776162C730E61002F5350 /* ColorPaletteView.swift in Sources */,
				3E5776352C73429C002F5350 /* TypographyCaseViewModel.swift in Sources */,
				5BE4E637299A35FE000F3744 /* BaseViewController.swift in Sources */,
				3E5776222C73260A002F5350 /* TypographyLabelCell.swift in Sources */,
				3EB102012C6C8FDC00E151F0 /* UITextView+Extension.swift in Sources */,
				3E5776242C732618002F5350 /* TypographyTextViewCell.swift in Sources */,
				3E5776202C732034002F5350 /* BaseTableHeaderView.swift in Sources */,
				3EB101F72C6C8ADD00E151F0 /* AnalyticsManager.swift in Sources */,
				3E5776422C7342DE002F5350 /* TypographyLineHeightModel.swift in Sources */,
				3E5775F62C72E19C002F5350 /* BaseViewModel.swift in Sources */,
				3E5776152C730E61002F5350 /* ColorPaletteModel.swift in Sources */,
				3E5775F02C72E10A002F5350 /* SplashViewController.swift in Sources */,
				3E5775F32C72E10A002F5350 /* SplashViewModel.swift in Sources */,
				3E5776432C7342DE002F5350 /* TypographyLineHeightView.swift in Sources */,
				3E5776522C7343ED002F5350 /* ColorCaseView.swift in Sources */,
				3E6707B72C7454B400F7FEC4 /* TypographyLineHeightInputView.swift in Sources */,
				3E5776442C7342DE002F5350 /* TypographyLineHeightViewModel.swift in Sources */,
				3EB101E62C6C3E5600E151F0 /* CommonFunctions.swift in Sources */,
				3E5776142C730E61002F5350 /* ColorPaletteViewController.swift in Sources */,
				3E5775F12C72E10A002F5350 /* SplashModel.swift in Sources */,
				3E5776332C73429C002F5350 /* TypographyCaseModel.swift in Sources */,
				3EB102002C6C8FDC00E151F0 /* UIApplication+Extension.swift in Sources */,
				3EB102052C6C9DB700E151F0 /* ComponentColor.swift in Sources */,
				5BC5C2572999CFB400A9B338 /* SceneDelegate.swift in Sources */,
				3E5776172C730E61002F5350 /* ColorPaletteViewModel.swift in Sources */,
				3E5776532C7343ED002F5350 /* ColorCaseViewModel.swift in Sources */,
				3E5775F22C72E10A002F5350 /* SplashView.swift in Sources */,
			);
			runOnlyForDeploymentPostprocessing = 0;
		};
		5BC5C2632999CFB500A9B338 /* Sources */ = {
			isa = PBXSourcesBuildPhase;
			buildActionMask = 2147483647;
			files = (
				5BC5C26C2999CFB500A9B338 /* iOSExampleTests.swift in Sources */,
			);
			runOnlyForDeploymentPostprocessing = 0;
		};
		5BC5C26D2999CFB500A9B338 /* Sources */ = {
			isa = PBXSourcesBuildPhase;
			buildActionMask = 2147483647;
			files = (
				5BC5C2762999CFB500A9B338 /* iOSExampleUITests.swift in Sources */,
				5BC5C2782999CFB500A9B338 /* iOSExampleUITestsLaunchTests.swift in Sources */,
			);
			runOnlyForDeploymentPostprocessing = 0;
		};
/* End PBXSourcesBuildPhase section */

/* Begin PBXTargetDependency section */
		5BC5C2692999CFB500A9B338 /* PBXTargetDependency */ = {
			isa = PBXTargetDependency;
			target = 5BC5C2502999CFB400A9B338 /* iOSExample */;
			targetProxy = 5BC5C2682999CFB500A9B338 /* PBXContainerItemProxy */;
		};
		5BC5C2732999CFB500A9B338 /* PBXTargetDependency */ = {
			isa = PBXTargetDependency;
			target = 5BC5C2502999CFB400A9B338 /* iOSExample */;
			targetProxy = 5BC5C2722999CFB500A9B338 /* PBXContainerItemProxy */;
		};
/* End PBXTargetDependency section */

/* Begin XCBuildConfiguration section */
		5BC5C2792999CFB500A9B338 /* Debug */ = {
			isa = XCBuildConfiguration;
			baseConfigurationReference = 5BF7B2242999D31600A36329 /* Develop.xcconfig */;
			buildSettings = {
				ALWAYS_SEARCH_USER_PATHS = NO;
				CLANG_ANALYZER_LOCALIZABILITY_NONLOCALIZED = YES;
				CLANG_ANALYZER_NONNULL = YES;
				CLANG_ANALYZER_NUMBER_OBJECT_CONVERSION = YES_AGGRESSIVE;
				CLANG_CXX_LANGUAGE_STANDARD = "gnu++20";
				CLANG_ENABLE_MODULES = YES;
				CLANG_ENABLE_OBJC_ARC = YES;
				CLANG_ENABLE_OBJC_WEAK = YES;
				CLANG_WARN_BLOCK_CAPTURE_AUTORELEASING = YES;
				CLANG_WARN_BOOL_CONVERSION = YES;
				CLANG_WARN_COMMA = YES;
				CLANG_WARN_CONSTANT_CONVERSION = YES;
				CLANG_WARN_DEPRECATED_OBJC_IMPLEMENTATIONS = YES;
				CLANG_WARN_DIRECT_OBJC_ISA_USAGE = YES_ERROR;
				CLANG_WARN_DOCUMENTATION_COMMENTS = YES;
				CLANG_WARN_EMPTY_BODY = YES;
				CLANG_WARN_ENUM_CONVERSION = YES;
				CLANG_WARN_INFINITE_RECURSION = YES;
				CLANG_WARN_INT_CONVERSION = YES;
				CLANG_WARN_NON_LITERAL_NULL_CONVERSION = YES;
				CLANG_WARN_OBJC_IMPLICIT_RETAIN_SELF = YES;
				CLANG_WARN_OBJC_LITERAL_CONVERSION = YES;
				CLANG_WARN_OBJC_ROOT_CLASS = YES_ERROR;
				CLANG_WARN_QUOTED_INCLUDE_IN_FRAMEWORK_HEADER = YES;
				CLANG_WARN_RANGE_LOOP_ANALYSIS = YES;
				CLANG_WARN_STRICT_PROTOTYPES = YES;
				CLANG_WARN_SUSPICIOUS_MOVE = YES;
				CLANG_WARN_UNGUARDED_AVAILABILITY = YES_AGGRESSIVE;
				CLANG_WARN_UNREACHABLE_CODE = YES;
				CLANG_WARN__DUPLICATE_METHOD_MATCH = YES;
				COPY_PHASE_STRIP = NO;
				DEBUG_INFORMATION_FORMAT = dwarf;
				ENABLE_STRICT_OBJC_MSGSEND = YES;
				ENABLE_TESTABILITY = YES;
				GCC_C_LANGUAGE_STANDARD = gnu11;
				GCC_DYNAMIC_NO_PIC = NO;
				GCC_NO_COMMON_BLOCKS = YES;
				GCC_OPTIMIZATION_LEVEL = 0;
				GCC_PREPROCESSOR_DEFINITIONS = (
					"DEBUG=1",
					"$(inherited)",
				);
				GCC_WARN_64_TO_32_BIT_CONVERSION = YES;
				GCC_WARN_ABOUT_RETURN_TYPE = YES_ERROR;
				GCC_WARN_UNDECLARED_SELECTOR = YES;
				GCC_WARN_UNINITIALIZED_AUTOS = YES_AGGRESSIVE;
				GCC_WARN_UNUSED_FUNCTION = YES;
				GCC_WARN_UNUSED_VARIABLE = YES;
				IPHONEOS_DEPLOYMENT_TARGET = 14.0;
				MTL_ENABLE_DEBUG_INFO = INCLUDE_SOURCE;
				MTL_FAST_MATH = YES;
				ONLY_ACTIVE_ARCH = YES;
				SDKROOT = iphoneos;
				SWIFT_ACTIVE_COMPILATION_CONDITIONS = "$(inherited)";
				SWIFT_OPTIMIZATION_LEVEL = "-Onone";
			};
			name = Debug;
		};
		5BC5C27A2999CFB500A9B338 /* Release */ = {
			isa = XCBuildConfiguration;
			baseConfigurationReference = 5BF7B2252999D33000A36329 /* Release.xcconfig */;
			buildSettings = {
				ALWAYS_SEARCH_USER_PATHS = NO;
				CLANG_ANALYZER_LOCALIZABILITY_NONLOCALIZED = YES;
				CLANG_ANALYZER_NONNULL = YES;
				CLANG_ANALYZER_NUMBER_OBJECT_CONVERSION = YES_AGGRESSIVE;
				CLANG_CXX_LANGUAGE_STANDARD = "gnu++20";
				CLANG_ENABLE_MODULES = YES;
				CLANG_ENABLE_OBJC_ARC = YES;
				CLANG_ENABLE_OBJC_WEAK = YES;
				CLANG_WARN_BLOCK_CAPTURE_AUTORELEASING = YES;
				CLANG_WARN_BOOL_CONVERSION = YES;
				CLANG_WARN_COMMA = YES;
				CLANG_WARN_CONSTANT_CONVERSION = YES;
				CLANG_WARN_DEPRECATED_OBJC_IMPLEMENTATIONS = YES;
				CLANG_WARN_DIRECT_OBJC_ISA_USAGE = YES_ERROR;
				CLANG_WARN_DOCUMENTATION_COMMENTS = YES;
				CLANG_WARN_EMPTY_BODY = YES;
				CLANG_WARN_ENUM_CONVERSION = YES;
				CLANG_WARN_INFINITE_RECURSION = YES;
				CLANG_WARN_INT_CONVERSION = YES;
				CLANG_WARN_NON_LITERAL_NULL_CONVERSION = YES;
				CLANG_WARN_OBJC_IMPLICIT_RETAIN_SELF = YES;
				CLANG_WARN_OBJC_LITERAL_CONVERSION = YES;
				CLANG_WARN_OBJC_ROOT_CLASS = YES_ERROR;
				CLANG_WARN_QUOTED_INCLUDE_IN_FRAMEWORK_HEADER = YES;
				CLANG_WARN_RANGE_LOOP_ANALYSIS = YES;
				CLANG_WARN_STRICT_PROTOTYPES = YES;
				CLANG_WARN_SUSPICIOUS_MOVE = YES;
				CLANG_WARN_UNGUARDED_AVAILABILITY = YES_AGGRESSIVE;
				CLANG_WARN_UNREACHABLE_CODE = YES;
				CLANG_WARN__DUPLICATE_METHOD_MATCH = YES;
				COPY_PHASE_STRIP = NO;
				DEBUG_INFORMATION_FORMAT = "dwarf-with-dsym";
				ENABLE_NS_ASSERTIONS = NO;
				ENABLE_STRICT_OBJC_MSGSEND = YES;
				GCC_C_LANGUAGE_STANDARD = gnu11;
				GCC_NO_COMMON_BLOCKS = YES;
				GCC_WARN_64_TO_32_BIT_CONVERSION = YES;
				GCC_WARN_ABOUT_RETURN_TYPE = YES_ERROR;
				GCC_WARN_UNDECLARED_SELECTOR = YES;
				GCC_WARN_UNINITIALIZED_AUTOS = YES_AGGRESSIVE;
				GCC_WARN_UNUSED_FUNCTION = YES;
				GCC_WARN_UNUSED_VARIABLE = YES;
				IPHONEOS_DEPLOYMENT_TARGET = 14.0;
				MTL_ENABLE_DEBUG_INFO = NO;
				MTL_FAST_MATH = YES;
				ONLY_ACTIVE_ARCH = YES;
				SDKROOT = iphoneos;
				SWIFT_ACTIVE_COMPILATION_CONDITIONS = "$(inherited)";
				SWIFT_COMPILATION_MODE = wholemodule;
				SWIFT_OPTIMIZATION_LEVEL = "-O";
				VALIDATE_PRODUCT = YES;
			};
			name = Release;
		};
		5BC5C27C2999CFB500A9B338 /* Debug */ = {
			isa = XCBuildConfiguration;
			baseConfigurationReference = 5BF7B2242999D31600A36329 /* Develop.xcconfig */;
			buildSettings = {
				ASSETCATALOG_COMPILER_APPICON_NAME = AppIcon;
				ASSETCATALOG_COMPILER_GLOBAL_ACCENT_COLOR_NAME = AccentColor;
				CODE_SIGN_STYLE = Automatic;
				CURRENT_PROJECT_VERSION = 1;
				DEVELOPMENT_TEAM = A2A7Q9Y38C;
				GENERATE_INFOPLIST_FILE = YES;
				INFOPLIST_FILE = iOSExample/Info.plist;
				INFOPLIST_KEY_CFBundleDisplayName = "$(BUNDLE_DISPLAY_NAME)";
				INFOPLIST_KEY_LSApplicationCategoryType = "public.app-category.utilities";
				INFOPLIST_KEY_UIApplicationSupportsIndirectInputEvents = YES;
				INFOPLIST_KEY_UILaunchStoryboardName = LaunchScreen.storyboard;
				INFOPLIST_KEY_UISupportedInterfaceOrientations = UIInterfaceOrientationPortrait;
				LD_RUNPATH_SEARCH_PATHS = (
					"$(inherited)",
					"@executable_path/Frameworks",
				);
				MARKETING_VERSION = 1.0.0;
				PRODUCT_BUNDLE_IDENTIFIER = io.appsstudio.iOSExample;
				PRODUCT_NAME = "$(TARGET_NAME)";
				SUPPORTED_PLATFORMS = "iphoneos iphonesimulator";
				SUPPORTS_MACCATALYST = NO;
				SUPPORTS_MAC_DESIGNED_FOR_IPHONE_IPAD = YES;
				SWIFT_EMIT_LOC_STRINGS = YES;
				SWIFT_VERSION = 5.0;
				TARGETED_DEVICE_FAMILY = 1;
			};
			name = Debug;
		};
		5BC5C27D2999CFB500A9B338 /* Release */ = {
			isa = XCBuildConfiguration;
			baseConfigurationReference = 5BF7B2252999D33000A36329 /* Release.xcconfig */;
			buildSettings = {
				ASSETCATALOG_COMPILER_APPICON_NAME = AppIcon;
				ASSETCATALOG_COMPILER_GLOBAL_ACCENT_COLOR_NAME = AccentColor;
				CODE_SIGN_STYLE = Automatic;
				CURRENT_PROJECT_VERSION = 1;
				DEVELOPMENT_TEAM = A2A7Q9Y38C;
				EXCLUDED_ARCHS = "";
				GENERATE_INFOPLIST_FILE = YES;
				INFOPLIST_FILE = iOSExample/Info.plist;
				INFOPLIST_KEY_CFBundleDisplayName = "$(BUNDLE_DISPLAY_NAME)";
				INFOPLIST_KEY_LSApplicationCategoryType = "public.app-category.utilities";
				INFOPLIST_KEY_UIApplicationSupportsIndirectInputEvents = YES;
				INFOPLIST_KEY_UILaunchStoryboardName = LaunchScreen.storyboard;
				INFOPLIST_KEY_UISupportedInterfaceOrientations = UIInterfaceOrientationPortrait;
				LD_RUNPATH_SEARCH_PATHS = (
					"$(inherited)",
					"@executable_path/Frameworks",
				);
				MARKETING_VERSION = 1.0.0;
				PRODUCT_BUNDLE_IDENTIFIER = io.appsstudio.iOSExample;
				PRODUCT_NAME = "$(TARGET_NAME)";
				SUPPORTED_PLATFORMS = "iphoneos iphonesimulator";
				SUPPORTS_MACCATALYST = NO;
				SUPPORTS_MAC_DESIGNED_FOR_IPHONE_IPAD = YES;
				SWIFT_EMIT_LOC_STRINGS = YES;
				SWIFT_VERSION = 5.0;
				TARGETED_DEVICE_FAMILY = 1;
			};
			name = Release;
		};
		5BC5C27F2999CFB500A9B338 /* Debug */ = {
			isa = XCBuildConfiguration;
			buildSettings = {
				ALWAYS_EMBED_SWIFT_STANDARD_LIBRARIES = YES;
				BUNDLE_LOADER = "$(TEST_HOST)";
				CODE_SIGN_STYLE = Automatic;
				CURRENT_PROJECT_VERSION = 1;
				DEVELOPMENT_TEAM = A2A7Q9Y38C;
				GENERATE_INFOPLIST_FILE = YES;
				IPHONEOS_DEPLOYMENT_TARGET = 16.2;
				MARKETING_VERSION = 1.0;
				PRODUCT_BUNDLE_IDENTIFIER = io.appsstudio.iOSExampleTests;
				PRODUCT_NAME = "$(TARGET_NAME)";
				SWIFT_EMIT_LOC_STRINGS = NO;
				SWIFT_VERSION = 5.0;
				TARGETED_DEVICE_FAMILY = "1,2";
				TEST_HOST = "$(BUILT_PRODUCTS_DIR)/iOSExample.app/$(BUNDLE_EXECUTABLE_FOLDER_PATH)/iOSExample";
			};
			name = Debug;
		};
		5BC5C2802999CFB500A9B338 /* Release */ = {
			isa = XCBuildConfiguration;
			buildSettings = {
				ALWAYS_EMBED_SWIFT_STANDARD_LIBRARIES = YES;
				BUNDLE_LOADER = "$(TEST_HOST)";
				CODE_SIGN_STYLE = Automatic;
				CURRENT_PROJECT_VERSION = 1;
				DEVELOPMENT_TEAM = A2A7Q9Y38C;
				GENERATE_INFOPLIST_FILE = YES;
				IPHONEOS_DEPLOYMENT_TARGET = 16.2;
				MARKETING_VERSION = 1.0;
				PRODUCT_BUNDLE_IDENTIFIER = io.appsstudio.iOSExampleTests;
				PRODUCT_NAME = "$(TARGET_NAME)";
				SWIFT_EMIT_LOC_STRINGS = NO;
				SWIFT_VERSION = 5.0;
				TARGETED_DEVICE_FAMILY = "1,2";
				TEST_HOST = "$(BUILT_PRODUCTS_DIR)/iOSExample.app/$(BUNDLE_EXECUTABLE_FOLDER_PATH)/iOSExample";
			};
			name = Release;
		};
		5BC5C2822999CFB500A9B338 /* Debug */ = {
			isa = XCBuildConfiguration;
			buildSettings = {
				ALWAYS_EMBED_SWIFT_STANDARD_LIBRARIES = YES;
				CODE_SIGN_STYLE = Automatic;
				CURRENT_PROJECT_VERSION = 1;
				DEVELOPMENT_TEAM = A2A7Q9Y38C;
				GENERATE_INFOPLIST_FILE = YES;
				MARKETING_VERSION = 1.0;
				PRODUCT_BUNDLE_IDENTIFIER = io.appsstudio.iOSExampleUITests;
				PRODUCT_NAME = "$(TARGET_NAME)";
				SWIFT_EMIT_LOC_STRINGS = NO;
				SWIFT_VERSION = 5.0;
				TARGETED_DEVICE_FAMILY = "1,2";
				TEST_TARGET_NAME = iOSExample;
			};
			name = Debug;
		};
		5BC5C2832999CFB500A9B338 /* Release */ = {
			isa = XCBuildConfiguration;
			buildSettings = {
				ALWAYS_EMBED_SWIFT_STANDARD_LIBRARIES = YES;
				CODE_SIGN_STYLE = Automatic;
				CURRENT_PROJECT_VERSION = 1;
				DEVELOPMENT_TEAM = A2A7Q9Y38C;
				GENERATE_INFOPLIST_FILE = YES;
				MARKETING_VERSION = 1.0;
				PRODUCT_BUNDLE_IDENTIFIER = io.appsstudio.iOSExampleUITests;
				PRODUCT_NAME = "$(TARGET_NAME)";
				SWIFT_EMIT_LOC_STRINGS = NO;
				SWIFT_VERSION = 5.0;
				TARGETED_DEVICE_FAMILY = "1,2";
				TEST_TARGET_NAME = iOSExample;
			};
			name = Release;
		};
/* End XCBuildConfiguration section */

/* Begin XCConfigurationList section */
		5BC5C24C2999CFB400A9B338 /* Build configuration list for PBXProject "iOSExample" */ = {
			isa = XCConfigurationList;
			buildConfigurations = (
				5BC5C2792999CFB500A9B338 /* Debug */,
				5BC5C27A2999CFB500A9B338 /* Release */,
			);
			defaultConfigurationIsVisible = 0;
			defaultConfigurationName = Release;
		};
		5BC5C27B2999CFB500A9B338 /* Build configuration list for PBXNativeTarget "iOSExample" */ = {
			isa = XCConfigurationList;
			buildConfigurations = (
				5BC5C27C2999CFB500A9B338 /* Debug */,
				5BC5C27D2999CFB500A9B338 /* Release */,
			);
			defaultConfigurationIsVisible = 0;
			defaultConfigurationName = Release;
		};
		5BC5C27E2999CFB500A9B338 /* Build configuration list for PBXNativeTarget "iOSExampleTests" */ = {
			isa = XCConfigurationList;
			buildConfigurations = (
				5BC5C27F2999CFB500A9B338 /* Debug */,
				5BC5C2802999CFB500A9B338 /* Release */,
			);
			defaultConfigurationIsVisible = 0;
			defaultConfigurationName = Release;
		};
		5BC5C2812999CFB500A9B338 /* Build configuration list for PBXNativeTarget "iOSExampleUITests" */ = {
			isa = XCConfigurationList;
			buildConfigurations = (
				5BC5C2822999CFB500A9B338 /* Debug */,
				5BC5C2832999CFB500A9B338 /* Release */,
			);
			defaultConfigurationIsVisible = 0;
			defaultConfigurationName = Release;
		};
/* End XCConfigurationList section */

/* Begin XCRemoteSwiftPackageReference section */
		3EB101E72C6C3F7B00E151F0 /* XCRemoteSwiftPackageReference "CommonUtils" */ = {
			isa = XCRemoteSwiftPackageReference;
			repositoryURL = "https://github.com/appsstudioio/CommonUtils.git";
			requirement = {
				kind = upToNextMajorVersion;
				minimumVersion = 1.0.0;
			};
		};
		5BE4E5FD299A3303000F3744 /* XCRemoteSwiftPackageReference "Then" */ = {
			isa = XCRemoteSwiftPackageReference;
			repositoryURL = "https://github.com/devxoul/Then";
			requirement = {
				kind = upToNextMajorVersion;
				minimumVersion = 3.0.0;
			};
		};
		5BE4E600299A342B000F3744 /* XCRemoteSwiftPackageReference "firebase-ios-sdk" */ = {
			isa = XCRemoteSwiftPackageReference;
			repositoryURL = "https://github.com/firebase/firebase-ios-sdk.git";
			requirement = {
				kind = upToNextMajorVersion;
				minimumVersion = 10.0.0;
			};
		};
		5BE9551F2A1362AC00020441 /* XCRemoteSwiftPackageReference "SnapKit" */ = {
			isa = XCRemoteSwiftPackageReference;
			repositoryURL = "https://github.com/SnapKit/SnapKit.git";
			requirement = {
				kind = upToNextMajorVersion;
				minimumVersion = 5.0.1;
			};
		};
/* End XCRemoteSwiftPackageReference section */

/* Begin XCSwiftPackageProductDependency section */
		3EB101E82C6C3F7B00E151F0 /* CommonUtils */ = {
			isa = XCSwiftPackageProductDependency;
			package = 3EB101E72C6C3F7B00E151F0 /* XCRemoteSwiftPackageReference "CommonUtils" */;
			productName = CommonUtils;
		};
		5BE4E5FE299A3303000F3744 /* Then */ = {
			isa = XCSwiftPackageProductDependency;
			package = 5BE4E5FD299A3303000F3744 /* XCRemoteSwiftPackageReference "Then" */;
			productName = Then;
		};
		5BE4E601299A342B000F3744 /* FirebaseAnalyticsSwift */ = {
			isa = XCSwiftPackageProductDependency;
			package = 5BE4E600299A342B000F3744 /* XCRemoteSwiftPackageReference "firebase-ios-sdk" */;
			productName = FirebaseAnalyticsSwift;
		};
		5BE4E603299A342B000F3744 /* FirebaseAnalyticsWithoutAdIdSupport */ = {
			isa = XCSwiftPackageProductDependency;
			package = 5BE4E600299A342B000F3744 /* XCRemoteSwiftPackageReference "firebase-ios-sdk" */;
			productName = FirebaseAnalyticsWithoutAdIdSupport;
		};
		5BE4E605299A342B000F3744 /* FirebaseCrashlytics */ = {
			isa = XCSwiftPackageProductDependency;
			package = 5BE4E600299A342B000F3744 /* XCRemoteSwiftPackageReference "firebase-ios-sdk" */;
			productName = FirebaseCrashlytics;
		};
		5BE4E607299A342B000F3744 /* FirebaseDynamicLinks */ = {
			isa = XCSwiftPackageProductDependency;
			package = 5BE4E600299A342B000F3744 /* XCRemoteSwiftPackageReference "firebase-ios-sdk" */;
			productName = FirebaseDynamicLinks;
		};
		5BE4E609299A342B000F3744 /* FirebasePerformance */ = {
			isa = XCSwiftPackageProductDependency;
			package = 5BE4E600299A342B000F3744 /* XCRemoteSwiftPackageReference "firebase-ios-sdk" */;
			productName = FirebasePerformance;
		};
		5BE4E60B299A342B000F3744 /* FirebaseRemoteConfigSwift */ = {
			isa = XCSwiftPackageProductDependency;
			package = 5BE4E600299A342B000F3744 /* XCRemoteSwiftPackageReference "firebase-ios-sdk" */;
			productName = FirebaseRemoteConfigSwift;
		};
		5BE955202A1362AC00020441 /* SnapKit */ = {
			isa = XCSwiftPackageProductDependency;
			package = 5BE9551F2A1362AC00020441 /* XCRemoteSwiftPackageReference "SnapKit" */;
			productName = SnapKit;
		};
/* End XCSwiftPackageProductDependency section */
	};
	rootObject = 5BC5C2492999CFB400A9B338 /* Project object */;
}
